{
  "name": "arkts-lsp",
  "version": "0.2.0",
  "lockfileVersion": 3,
  "requires": true,
  "packages": {
    "": {
      "name": "arkts-lsp",
      "version": "0.2.0",
      "license": "MIT",
      "dependencies": {
        "arkts-lsp-proxy": "^0.1.8"
      },
      "bin": {
        "arkts-lsp": "bin/arkts-lsp.mjs",
        "arkts-lsp-extract": "extractor/extract-ace-server.mjs"
      },
      "engines": {
        "node": ">=18"
      }
    },
    "node_modules/arkts-lsp-proxy": {
      "version": "0.1.8",
      "resolved": "https://registry.npmjs.org/arkts-lsp-proxy/-/arkts-lsp-proxy-0.1.8.tgz",
      "integrity": "sha512-CdfV9jqctMv1suPK1aeYa29dWQud0BWzDdH8YIBQOE5JBKni5MRyXUeizYefWJVtbF/9+7Lpz0jOaPjzQ04N5A==",
      "license": "MIT",
      "dependencies": {
        "json5": "^2.2.3",
        "vscode-jsonrpc": "^8.2.1"
      },
      "bin": {
        "arkts-lsp-codex-install": "dist/codex-install.js",
        "arkts-lsp-mcp": "dist/mcp-server.js",
        "arkts-lsp-proxy": "dist/index.js"
      },
      "engines": {
        "node": ">=18"
      }
    },
    "node_modules/json5": {
      "version": "2.2.3",
      "resolved": "https://registry.npmjs.org/json5/-/json5-2.2.3.tgz",
      "integrity": "sha512-XmOWe7eyHYH14cLdVPoyg+GOH3rYX++KpzrylJwSW98t3Nk+U8XOl8FWKOgwtzdb8lXGf6zYwDUzeHMWfxasyg==",
      "license": "MIT",
      "bin": {
        "json5": "lib/cli.js"
      },
      "engines": {
        "node": ">=6"
      }
    },
    "node_modules/vscode-jsonrpc": {
      "version": "8.2.1",
      "resolved": "https://registry.npmjs.org/vscode-jsonrpc/-/vscode-jsonrpc-8.2.1.tgz",
      "integrity": "sha512-kdjOSJ2lLIn7r1rtrMbbNCHjyMPfRnowdKjBQ+mGq6NAW5QY2bEZC/khaC5OR8svbbjvLEaIXkOq45e2X9BIbQ==",
      "license": "MIT",
      "engines": {
        "node": ">=14.0.0"
      }
    }
  }
}
